
Microsoft Visual Studio Solution File, Format Version 12.00
# Visual Studio 14
VisualStudioVersion = 14.0.25420.1
MinimumVisualStudioVersion = 10.0.40219.1
Project("{FAE04EC0-301F-11D3-BF4B-00C04F79EFBC}") = "AcArticle.Models", "AcArticle.Models\AcArticle.Models.csproj", "{D26EC70B-98E7-4544-A5C1-13881ED4286C}"
EndProject
Project("{FAE04EC0-301F-11D3-BF4B-00C04F79EFBC}") = "AcArticle.Services", "AcArticle.Services\AcArticle.Services.csproj", "{3A8F9203-4E84-4F16-8929-3E1B71EB9868}"
EndProject
Project("{FAE04EC0-301F-11D3-BF4B-00C04F79EFBC}") = "AcArticle.Services.UnitTests", "AcArticle.Services.UnitTests\AcArticle.Services.UnitTests.csproj", "{C800430B-49F8-47D6-873E-BC902C5117CE}"
EndProject
Project("{FAE04EC0-301F-11D3-BF4B-00C04F79EFBC}") = "AcArticle.Services.Uwp.14393", "AcArticle.Services.Uwp.14393\AcArticle.Services.Uwp.14393.csproj", "{D6D86EEF-A1BF-4EE4-AD0F-BD79F20D6949}"
EndProject
Project("{FAE04EC0-301F-11D3-BF4B-00C04F79EFBC}") = "AcArticle.Utils", "AcArticle.Utils\AcArticle.Utils.csproj", "{1FE94F68-A5B8-400C-BD3B-6019294BCD09}"
EndProject
Project("{FAE04EC0-301F-11D3-BF4B-00C04F79EFBC}") = "AcArticle.Uwp.14393", "AcArticle.Uwp.14393\AcArticle.Uwp.14393.csproj", "{BEFF57CD-2A1E-49D6-BB0A-25DE5B52A7C4}"
EndProject
Project("{FAE04EC0-301F-11D3-BF4B-00C04F79EFBC}") = "AiXiFan.Configuration", "AiXiFan.Configuration\AiXiFan.Configuration.csproj", "{8259A22F-926C-4E40-999E-89F829E8E25D}"
EndProject
Project("{FAE04EC0-301F-11D3-BF4B-00C04F79EFBC}") = "AiXiFan.Configuration.Uwp.14393", "AiXiFan.Configuration.Uwp.14393\AiXiFan.Configuration.Uwp.14393.csproj", "{663E560E-6DBB-469C-A5DF-6061CF3887C6}"
EndProject
Project("{FAE04EC0-301F-11D3-BF4B-00C04F79EFBC}") = "AiXiFan.Models", "AiXiFan.Models\AiXiFan.Models.csproj", "{8D03C318-A18C-4173-82C7-1023257766E5}"
EndProject
Project("{FAE04EC0-301F-11D3-BF4B-00C04F79EFBC}") = "AiXiFan.Services", "AiXiFan.Services\AiXiFan.Services.csproj", "{A7E67CB6-4217-43CA-B552-6976F73DDCA8}"
EndProject
Project("{FAE04EC0-301F-11D3-BF4B-00C04F79EFBC}") = "AiXiFan.Services.UnitTests", "AiXiFan.Services.UnitTests\AiXiFan.Services.UnitTests.csproj", "{21642BAC-EB0F-4830-A798-E746B462A3FB}"
EndProject
Project("{FAE04EC0-301F-11D3-BF4B-00C04F79EFBC}") = "AiXiFan.Utils", "AiXiFan.Utils\AiXiFan.Utils.csproj", "{F1D6A5BF-94E0-4C8D-9AD4-2105C731A2DA}"
EndProject
Project("{FAE04EC0-301F-11D3-BF4B-00C04F79EFBC}") = "AiXiFan.Uwp.14393", "AiXiFan.Uwp.14393\AiXiFan.Uwp.14393.csproj", "{25ED3F05-D3B3-48B4-A0F8-CAD9E9FF843D}"
EndProject
Project("{FAE04EC0-301F-11D3-BF4B-00C04F79EFBC}") = "ZhuangBi.Configuration", "ZhuangBi.Configuration\ZhuangBi.Configuration.csproj", "{E1850462-A2F9-4EB7-B72E-2579944EA07B}"
EndProject
Project("{FAE04EC0-301F-11D3-BF4B-00C04F79EFBC}") = "ZhuangBi.Configuration.Uwp.14393", "ZhuangBi.Configuration.Uwp.14393\ZhuangBi.Configuration.Uwp.14393.csproj", "{CB52CA4F-97CA-4A19-B004-5C0C861F7573}"
EndProject
Project("{FAE04EC0-301F-11D3-BF4B-00C04F79EFBC}") = "ZhuangBi.Models", "ZhuangBi.Models\ZhuangBi.Models.csproj", "{823FEFB9-1714-4799-B054-2D8F0428FD39}"
EndProject
Project("{FAE04EC0-301F-11D3-BF4B-00C04F79EFBC}") = "ZhuangBi.Services", "ZhuangBi.Services\ZhuangBi.Services.csproj", "{62C8D390-0689-4478-AB2E-A3A0BC38F5C8}"
EndProject
Project("{FAE04EC0-301F-11D3-BF4B-00C04F79EFBC}") = "ZhuangBi.Services.UnitTests", "ZhuangBi.Services.UnitTests\ZhuangBi.Services.UnitTests.csproj", "{3378FF17-815D-4940-8059-1A1006B767AD}"
EndProject
Project("{FAE04EC0-301F-11D3-BF4B-00C04F79EFBC}") = "ZhuangBi.Utils", "ZhuangBi.Utils\ZhuangBi.Utils.csproj", "{FE2248A3-55D2-488C-B408-A15F64491C64}"
EndProject
Project("{FAE04EC0-301F-11D3-BF4B-00C04F79EFBC}") = "ZhuangBi.Uwp.14393", "ZhuangBi.Uwp.14393\ZhuangBi.Uwp.14393.csproj", "{3AF506B2-B0C1-421A-AD6F-C49E216D6DC6}"
EndProject
Global
	GlobalSection(SolutionConfigurationPlatforms) = preSolution
		Debug|Any CPU = Debug|Any CPU
		Debug|ARM = Debug|ARM
		Debug|x64 = Debug|x64
		Debug|x86 = Debug|x86
		Release|Any CPU = Release|Any CPU
		Release|ARM = Release|ARM
		Release|x64 = Release|x64
		Release|x86 = Release|x86
	EndGlobalSection
	GlobalSection(ProjectConfigurationPlatforms) = postSolution
		{D26EC70B-98E7-4544-A5C1-13881ED4286C}.Debug|Any CPU.ActiveCfg = Debug|Any CPU
		{D26EC70B-98E7-4544-A5C1-13881ED4286C}.Debug|Any CPU.Build.0 = Debug|Any CPU
		{D26EC70B-98E7-4544-A5C1-13881ED4286C}.Debug|ARM.ActiveCfg = Debug|Any CPU
		{D26EC70B-98E7-4544-A5C1-13881ED4286C}.Debug|ARM.Build.0 = Debug|Any CPU
		{D26EC70B-98E7-4544-A5C1-13881ED4286C}.Debug|x64.ActiveCfg = Debug|Any CPU
		{D26EC70B-98E7-4544-A5C1-13881ED4286C}.Debug|x64.Build.0 = Debug|Any CPU
		{D26EC70B-98E7-4544-A5C1-13881ED4286C}.Debug|x86.ActiveCfg = Debug|Any CPU
		{D26EC70B-98E7-4544-A5C1-13881ED4286C}.Debug|x86.Build.0 = Debug|Any CPU
		{D26EC70B-98E7-4544-A5C1-13881ED4286C}.Release|Any CPU.ActiveCfg = Release|Any CPU
		{D26EC70B-98E7-4544-A5C1-13881ED4286C}.Release|Any CPU.Build.0 = Release|Any CPU
		{D26EC70B-98E7-4544-A5C1-13881ED4286C}.Release|ARM.ActiveCfg = Release|Any CPU
		{D26EC70B-98E7-4544-A5C1-13881ED4286C}.Release|ARM.Build.0 = Release|Any CPU
		{D26EC70B-98E7-4544-A5C1-13881ED4286C}.Release|x64.ActiveCfg = Release|Any CPU
		{D26EC70B-98E7-4544-A5C1-13881ED4286C}.Release|x64.Build.0 = Release|Any CPU
		{D26EC70B-98E7-4544-A5C1-13881ED4286C}.Release|x86.ActiveCfg = Release|Any CPU
		{D26EC70B-98E7-4544-A5C1-13881ED4286C}.Release|x86.Build.0 = Release|Any CPU
		{3A8F9203-4E84-4F16-8929-3E1B71EB9868}.Debug|Any CPU.ActiveCfg = Debug|Any CPU
		{3A8F9203-4E84-4F16-8929-3E1B71EB9868}.Debug|Any CPU.Build.0 = Debug|Any CPU
		{3A8F9203-4E84-4F16-8929-3E1B71EB9868}.Debug|ARM.ActiveCfg = Debug|Any CPU
		{3A8F9203-4E84-4F16-8929-3E1B71EB9868}.Debug|ARM.Build.0 = Debug|Any CPU
		{3A8F9203-4E84-4F16-8929-3E1B71EB9868}.Debug|x64.ActiveCfg = Debug|Any CPU
		{3A8F9203-4E84-4F16-8929-3E1B71EB9868}.Debug|x64.Build.0 = Debug|Any CPU
		{3A8F9203-4E84-4F16-8929-3E1B71EB9868}.Debug|x86.ActiveCfg = Debug|Any CPU
		{3A8F9203-4E84-4F16-8929-3E1B71EB9868}.Debug|x86.Build.0 = Debug|Any CPU
		{3A8F9203-4E84-4F16-8929-3E1B71EB9868}.Release|Any CPU.ActiveCfg = Release|Any CPU
		{3A8F9203-4E84-4F16-8929-3E1B71EB9868}.Release|Any CPU.Build.0 = Release|Any CPU
		{3A8F9203-4E84-4F16-8929-3E1B71EB9868}.Release|ARM.ActiveCfg = Release|Any CPU
		{3A8F9203-4E84-4F16-8929-3E1B71EB9868}.Release|ARM.Build.0 = Release|Any CPU
		{3A8F9203-4E84-4F16-8929-3E1B71EB9868}.Release|x64.ActiveCfg = Release|Any CPU
		{3A8F9203-4E84-4F16-8929-3E1B71EB9868}.Release|x64.Build.0 = Release|Any CPU
		{3A8F9203-4E84-4F16-8929-3E1B71EB9868}.Release|x86.ActiveCfg = Release|Any CPU
		{3A8F9203-4E84-4F16-8929-3E1B71EB9868}.Release|x86.Build.0 = Release|Any CPU
		{C800430B-49F8-47D6-873E-BC902C5117CE}.Debug|Any CPU.ActiveCfg = Debug|Any CPU
		{C800430B-49F8-47D6-873E-BC902C5117CE}.Debug|Any CPU.Build.0 = Debug|Any CPU
		{C800430B-49F8-47D6-873E-BC902C5117CE}.Debug|ARM.ActiveCfg = Debug|Any CPU
		{C800430B-49F8-47D6-873E-BC902C5117CE}.Debug|ARM.Build.0 = Debug|Any CPU
		{C800430B-49F8-47D6-873E-BC902C5117CE}.Debug|x64.ActiveCfg = Debug|Any CPU
		{C800430B-49F8-47D6-873E-BC902C5117CE}.Debug|x64.Build.0 = Debug|Any CPU
		{C800430B-49F8-47D6-873E-BC902C5117CE}.Debug|x86.ActiveCfg = Debug|Any CPU
		{C800430B-49F8-47D6-873E-BC902C5117CE}.Debug|x86.Build.0 = Debug|Any CPU
		{C800430B-49F8-47D6-873E-BC902C5117CE}.Release|Any CPU.ActiveCfg = Release|Any CPU
		{C800430B-49F8-47D6-873E-BC902C5117CE}.Release|Any CPU.Build.0 = Release|Any CPU
		{C800430B-49F8-47D6-873E-BC902C5117CE}.Release|ARM.ActiveCfg = Release|Any CPU
		{C800430B-49F8-47D6-873E-BC902C5117CE}.Release|ARM.Build.0 = Release|Any CPU
		{C800430B-49F8-47D6-873E-BC902C5117CE}.Release|x64.ActiveCfg = Release|Any CPU
		{C800430B-49F8-47D6-873E-BC902C5117CE}.Release|x64.Build.0 = Release|Any CPU
		{C800430B-49F8-47D6-873E-BC902C5117CE}.Release|x86.ActiveCfg = Release|Any CPU
		{C800430B-49F8-47D6-873E-BC902C5117CE}.Release|x86.Build.0 = Release|Any CPU
		{D6D86EEF-A1BF-4EE4-AD0F-BD79F20D6949}.Debug|Any CPU.ActiveCfg = Debug|Any CPU
		{D6D86EEF-A1BF-4EE4-AD0F-BD79F20D6949}.Debug|Any CPU.Build.0 = Debug|Any CPU
		{D6D86EEF-A1BF-4EE4-AD0F-BD79F20D6949}.Debug|ARM.ActiveCfg = Debug|ARM
		{D6D86EEF-A1BF-4EE4-AD0F-BD79F20D6949}.Debug|ARM.Build.0 = Debug|ARM
		{D6D86EEF-A1BF-4EE4-AD0F-BD79F20D6949}.Debug|x64.ActiveCfg = Debug|x64
		{D6D86EEF-A1BF-4EE4-AD0F-BD79F20D6949}.Debug|x64.Build.0 = Debug|x64
		{D6D86EEF-A1BF-4EE4-AD0F-BD79F20D6949}.Debug|x86.ActiveCfg = Debug|x86
		{D6D86EEF-A1BF-4EE4-AD0F-BD79F20D6949}.Debug|x86.Build.0 = Debug|x86
		{D6D86EEF-A1BF-4EE4-AD0F-BD79F20D6949}.Release|Any CPU.ActiveCfg = Release|Any CPU
		{D6D86EEF-A1BF-4EE4-AD0F-BD79F20D6949}.Release|Any CPU.Build.0 = Release|Any CPU
		{D6D86EEF-A1BF-4EE4-AD0F-BD79F20D6949}.Release|ARM.ActiveCfg = Release|ARM
		{D6D86EEF-A1BF-4EE4-AD0F-BD79F20D6949}.Release|ARM.Build.0 = Release|ARM
		{D6D86EEF-A1BF-4EE4-AD0F-BD79F20D6949}.Release|x64.ActiveCfg = Release|x64
		{D6D86EEF-A1BF-4EE4-AD0F-BD79F20D6949}.Release|x64.Build.0 = Release|x64
		{D6D86EEF-A1BF-4EE4-AD0F-BD79F20D6949}.Release|x86.ActiveCfg = Release|x86
		{D6D86EEF-A1BF-4EE4-AD0F-BD79F20D6949}.Release|x86.Build.0 = Release|x86
		{1FE94F68-A5B8-400C-BD3B-6019294BCD09}.Debug|Any CPU.ActiveCfg = Debug|Any CPU
		{1FE94F68-A5B8-400C-BD3B-6019294BCD09}.Debug|Any CPU.Build.0 = Debug|Any CPU
		{1FE94F68-A5B8-400C-BD3B-6019294BCD09}.Debug|ARM.ActiveCfg = Debug|Any CPU
		{1FE94F68-A5B8-400C-BD3B-6019294BCD09}.Debug|ARM.Build.0 = Debug|Any CPU
		{1FE94F68-A5B8-400C-BD3B-6019294BCD09}.Debug|x64.ActiveCfg = Debug|Any CPU
		{1FE94F68-A5B8-400C-BD3B-6019294BCD09}.Debug|x64.Build.0 = Debug|Any CPU
		{1FE94F68-A5B8-400C-BD3B-6019294BCD09}.Debug|x86.ActiveCfg = Debug|Any CPU
		{1FE94F68-A5B8-400C-BD3B-6019294BCD09}.Debug|x86.Build.0 = Debug|Any CPU
		{1FE94F68-A5B8-400C-BD3B-6019294BCD09}.Release|Any CPU.ActiveCfg = Release|Any CPU
		{1FE94F68-A5B8-400C-BD3B-6019294BCD09}.Release|Any CPU.Build.0 = Release|Any CPU
		{1FE94F68-A5B8-400C-BD3B-6019294BCD09}.Release|ARM.ActiveCfg = Release|Any CPU
		{1FE94F68-A5B8-400C-BD3B-6019294BCD09}.Release|ARM.Build.0 = Release|Any CPU
		{1FE94F68-A5B8-400C-BD3B-6019294BCD09}.Release|x64.ActiveCfg = Release|Any CPU
		{1FE94F68-A5B8-400C-BD3B-6019294BCD09}.Release|x64.Build.0 = Release|Any CPU
		{1FE94F68-A5B8-400C-BD3B-6019294BCD09}.Release|x86.ActiveCfg = Release|Any CPU
		{1FE94F68-A5B8-400C-BD3B-6019294BCD09}.Release|x86.Build.0 = Release|Any CPU
		{BEFF57CD-2A1E-49D6-BB0A-25DE5B52A7C4}.Debug|Any CPU.ActiveCfg = Debug|x86
		{BEFF57CD-2A1E-49D6-BB0A-25DE5B52A7C4}.Debug|ARM.ActiveCfg = Debug|ARM
		{BEFF57CD-2A1E-49D6-BB0A-25DE5B52A7C4}.Debug|ARM.Build.0 = Debug|ARM
		{BEFF57CD-2A1E-49D6-BB0A-25DE5B52A7C4}.Debug|ARM.Deploy.0 = Debug|ARM
		{BEFF57CD-2A1E-49D6-BB0A-25DE5B52A7C4}.Debug|x64.ActiveCfg = Debug|x64
		{BEFF57CD-2A1E-49D6-BB0A-25DE5B52A7C4}.Debug|x64.Build.0 = Debug|x64
		{BEFF57CD-2A1E-49D6-BB0A-25DE5B52A7C4}.Debug|x64.Deploy.0 = Debug|x64
		{BEFF57CD-2A1E-49D6-BB0A-25DE5B52A7C4}.Debug|x86.ActiveCfg = Debug|x86
		{BEFF57CD-2A1E-49D6-BB0A-25DE5B52A7C4}.Debug|x86.Build.0 = Debug|x86
		{BEFF57CD-2A1E-49D6-BB0A-25DE5B52A7C4}.Debug|x86.Deploy.0 = Debug|x86
		{BEFF57CD-2A1E-49D6-BB0A-25DE5B52A7C4}.Release|Any CPU.ActiveCfg = Release|x86
		{BEFF57CD-2A1E-49D6-BB0A-25DE5B52A7C4}.Release|ARM.ActiveCfg = Release|ARM
		{BEFF57CD-2A1E-49D6-BB0A-25DE5B52A7C4}.Release|ARM.Build.0 = Release|ARM
		{BEFF57CD-2A1E-49D6-BB0A-25DE5B52A7C4}.Release|ARM.Deploy.0 = Release|ARM
		{BEFF57CD-2A1E-49D6-BB0A-25DE5B52A7C4}.Release|x64.ActiveCfg = Release|x64
		{BEFF57CD-2A1E-49D6-BB0A-25DE5B52A7C4}.Release|x64.Build.0 = Release|x64
		{BEFF57CD-2A1E-49D6-BB0A-25DE5B52A7C4}.Release|x64.Deploy.0 = Release|x64
		{BEFF57CD-2A1E-49D6-BB0A-25DE5B52A7C4}.Release|x86.ActiveCfg = Release|x86
		{BEFF57CD-2A1E-49D6-BB0A-25DE5B52A7C4}.Release|x86.Build.0 = Release|x86
		{BEFF57CD-2A1E-49D6-BB0A-25DE5B52A7C4}.Release|x86.Deploy.0 = Release|x86
		{8259A22F-926C-4E40-999E-89F829E8E25D}.Debug|Any CPU.ActiveCfg = Debug|Any CPU
		{8259A22F-926C-4E40-999E-89F829E8E25D}.Debug|Any CPU.Build.0 = Debug|Any CPU
		{8259A22F-926C-4E40-999E-89F829E8E25D}.Debug|ARM.ActiveCfg = Debug|Any CPU
		{8259A22F-926C-4E40-999E-89F829E8E25D}.Debug|ARM.Build.0 = Debug|Any CPU
		{8259A22F-926C-4E40-999E-89F829E8E25D}.Debug|x64.ActiveCfg = Debug|Any CPU
		{8259A22F-926C-4E40-999E-89F829E8E25D}.Debug|x64.Build.0 = Debug|Any CPU
		{8259A22F-926C-4E40-999E-89F829E8E25D}.Debug|x86.ActiveCfg = Debug|Any CPU
		{8259A22F-926C-4E40-999E-89F829E8E25D}.Debug|x86.Build.0 = Debug|Any CPU
		{8259A22F-926C-4E40-999E-89F829E8E25D}.Release|Any CPU.ActiveCfg = Release|Any CPU
		{8259A22F-926C-4E40-999E-89F829E8E25D}.Release|Any CPU.Build.0 = Release|Any CPU
		{8259A22F-926C-4E40-999E-89F829E8E25D}.Release|ARM.ActiveCfg = Release|Any CPU
		{8259A22F-926C-4E40-999E-89F829E8E25D}.Release|ARM.Build.0 = Release|Any CPU
		{8259A22F-926C-4E40-999E-89F829E8E25D}.Release|x64.ActiveCfg = Release|Any CPU
		{8259A22F-926C-4E40-999E-89F829E8E25D}.Release|x64.Build.0 = Release|Any CPU
		{8259A22F-926C-4E40-999E-89F829E8E25D}.Release|x86.ActiveCfg = Release|Any CPU
		{8259A22F-926C-4E40-999E-89F829E8E25D}.Release|x86.Build.0 = Release|Any CPU
		{663E560E-6DBB-469C-A5DF-6061CF3887C6}.Debug|Any CPU.ActiveCfg = Debug|Any CPU
		{663E560E-6DBB-469C-A5DF-6061CF3887C6}.Debug|Any CPU.Build.0 = Debug|Any CPU
		{663E560E-6DBB-469C-A5DF-6061CF3887C6}.Debug|ARM.ActiveCfg = Debug|ARM
		{663E560E-6DBB-469C-A5DF-6061CF3887C6}.Debug|ARM.Build.0 = Debug|ARM
		{663E560E-6DBB-469C-A5DF-6061CF3887C6}.Debug|x64.ActiveCfg = Debug|x64
		{663E560E-6DBB-469C-A5DF-6061CF3887C6}.Debug|x64.Build.0 = Debug|x64
		{663E560E-6DBB-469C-A5DF-6061CF3887C6}.Debug|x86.ActiveCfg = Debug|x86
		{663E560E-6DBB-469C-A5DF-6061CF3887C6}.Debug|x86.Build.0 = Debug|x86
		{663E560E-6DBB-469C-A5DF-6061CF3887C6}.Release|Any CPU.ActiveCfg = Release|Any CPU
		{663E560E-6DBB-469C-A5DF-6061CF3887C6}.Release|Any CPU.Build.0 = Release|Any CPU
		{663E560E-6DBB-469C-A5DF-6061CF3887C6}.Release|ARM.ActiveCfg = Release|ARM
		{663E560E-6DBB-469C-A5DF-6061CF3887C6}.Release|ARM.Build.0 = Release|ARM
		{663E560E-6DBB-469C-A5DF-6061CF3887C6}.Release|x64.ActiveCfg = Release|x64
		{663E560E-6DBB-469C-A5DF-6061CF3887C6}.Release|x64.Build.0 = Release|x64
		{663E560E-6DBB-469C-A5DF-6061CF3887C6}.Release|x86.ActiveCfg = Release|x86
		{663E560E-6DBB-469C-A5DF-6061CF3887C6}.Release|x86.Build.0 = Release|x86
		{8D03C318-A18C-4173-82C7-1023257766E5}.Debug|Any CPU.ActiveCfg = Debug|Any CPU
		{8D03C318-A18C-4173-82C7-1023257766E5}.Debug|Any CPU.Build.0 = Debug|Any CPU
		{8D03C318-A18C-4173-82C7-1023257766E5}.Debug|ARM.ActiveCfg = Debug|Any CPU
		{8D03C318-A18C-4173-82C7-1023257766E5}.Debug|ARM.Build.0 = Debug|Any CPU
		{8D03C318-A18C-4173-82C7-1023257766E5}.Debug|x64.ActiveCfg = Debug|Any CPU
		{8D03C318-A18C-4173-82C7-1023257766E5}.Debug|x64.Build.0 = Debug|Any CPU
		{8D03C318-A18C-4173-82C7-1023257766E5}.Debug|x86.ActiveCfg = Debug|Any CPU
		{8D03C318-A18C-4173-82C7-1023257766E5}.Debug|x86.Build.0 = Debug|Any CPU
		{8D03C318-A18C-4173-82C7-1023257766E5}.Release|Any CPU.ActiveCfg = Release|Any CPU
		{8D03C318-A18C-4173-82C7-1023257766E5}.Release|Any CPU.Build.0 = Release|Any CPU
		{8D03C318-A18C-4173-82C7-1023257766E5}.Release|ARM.ActiveCfg = Release|Any CPU
		{8D03C318-A18C-4173-82C7-1023257766E5}.Release|ARM.Build.0 = Release|Any CPU
		{8D03C318-A18C-4173-82C7-1023257766E5}.Release|x64.ActiveCfg = Release|Any CPU
		{8D03C318-A18C-4173-82C7-1023257766E5}.Release|x64.Build.0 = Release|Any CPU
		{8D03C318-A18C-4173-82C7-1023257766E5}.Release|x86.ActiveCfg = Release|Any CPU
		{8D03C318-A18C-4173-82C7-1023257766E5}.Release|x86.Build.0 = Release|Any CPU
		{A7E67CB6-4217-43CA-B552-6976F73DDCA8}.Debug|Any CPU.ActiveCfg = Debug|Any CPU
		{A7E67CB6-4217-43CA-B552-6976F73DDCA8}.Debug|Any CPU.Build.0 = Debug|Any CPU
		{A7E67CB6-4217-43CA-B552-6976F73DDCA8}.Debug|ARM.ActiveCfg = Debug|Any CPU
		{A7E67CB6-4217-43CA-B552-6976F73DDCA8}.Debug|ARM.Build.0 = Debug|Any CPU
		{A7E67CB6-4217-43CA-B552-6976F73DDCA8}.Debug|x64.ActiveCfg = Debug|Any CPU
		{A7E67CB6-4217-43CA-B552-6976F73DDCA8}.Debug|x64.Build.0 = Debug|Any CPU
		{A7E67CB6-4217-43CA-B552-6976F73DDCA8}.Debug|x86.ActiveCfg = Debug|Any CPU
		{A7E67CB6-4217-43CA-B552-6976F73DDCA8}.Debug|x86.Build.0 = Debug|Any CPU
		{A7E67CB6-4217-43CA-B552-6976F73DDCA8}.Release|Any CPU.ActiveCfg = Release|Any CPU
		{A7E67CB6-4217-43CA-B552-6976F73DDCA8}.Release|Any CPU.Build.0 = Release|Any CPU
		{A7E67CB6-4217-43CA-B552-6976F73DDCA8}.Release|ARM.ActiveCfg = Release|Any CPU
		{A7E67CB6-4217-43CA-B552-6976F73DDCA8}.Release|ARM.Build.0 = Release|Any CPU
		{A7E67CB6-4217-43CA-B552-6976F73DDCA8}.Release|x64.ActiveCfg = Release|Any CPU
		{A7E67CB6-4217-43CA-B552-6976F73DDCA8}.Release|x64.Build.0 = Release|Any CPU
		{A7E67CB6-4217-43CA-B552-6976F73DDCA8}.Release|x86.ActiveCfg = Release|Any CPU
		{A7E67CB6-4217-43CA-B552-6976F73DDCA8}.Release|x86.Build.0 = Release|Any CPU
		{21642BAC-EB0F-4830-A798-E746B462A3FB}.Debug|Any CPU.ActiveCfg = Debug|Any CPU
		{21642BAC-EB0F-4830-A798-E746B462A3FB}.Debug|Any CPU.Build.0 = Debug|Any CPU
		{21642BAC-EB0F-4830-A798-E746B462A3FB}.Debug|ARM.ActiveCfg = Debug|Any CPU
		{21642BAC-EB0F-4830-A798-E746B462A3FB}.Debug|ARM.Build.0 = Debug|Any CPU
		{21642BAC-EB0F-4830-A798-E746B462A3FB}.Debug|x64.ActiveCfg = Debug|Any CPU
		{21642BAC-EB0F-4830-A798-E746B462A3FB}.Debug|x64.Build.0 = Debug|Any CPU
		{21642BAC-EB0F-4830-A798-E746B462A3FB}.Debug|x86.ActiveCfg = Debug|Any CPU
		{21642BAC-EB0F-4830-A798-E746B462A3FB}.Debug|x86.Build.0 = Debug|Any CPU
		{21642BAC-EB0F-4830-A798-E746B462A3FB}.Release|Any CPU.ActiveCfg = Release|Any CPU
		{21642BAC-EB0F-4830-A798-E746B462A3FB}.Release|Any CPU.Build.0 = Release|Any CPU
		{21642BAC-EB0F-4830-A798-E746B462A3FB}.Release|ARM.ActiveCfg = Release|Any CPU
		{21642BAC-EB0F-4830-A798-E746B462A3FB}.Release|ARM.Build.0 = Release|Any CPU
		{21642BAC-EB0F-4830-A798-E746B462A3FB}.Release|x64.ActiveCfg = Release|Any CPU
		{21642BAC-EB0F-4830-A798-E746B462A3FB}.Release|x64.Build.0 = Release|Any CPU
		{21642BAC-EB0F-4830-A798-E746B462A3FB}.Release|x86.ActiveCfg = Release|Any CPU
		{21642BAC-EB0F-4830-A798-E746B462A3FB}.Release|x86.Build.0 = Release|Any CPU
		{F1D6A5BF-94E0-4C8D-9AD4-2105C731A2DA}.Debug|Any CPU.ActiveCfg = Debug|Any CPU
		{F1D6A5BF-94E0-4C8D-9AD4-2105C731A2DA}.Debug|Any CPU.Build.0 = Debug|Any CPU
		{F1D6A5BF-94E0-4C8D-9AD4-2105C731A2DA}.Debug|ARM.ActiveCfg = Debug|Any CPU
		{F1D6A5BF-94E0-4C8D-9AD4-2105C731A2DA}.Debug|ARM.Build.0 = Debug|Any CPU
		{F1D6A5BF-94E0-4C8D-9AD4-2105C731A2DA}.Debug|x64.ActiveCfg = Debug|Any CPU
		{F1D6A5BF-94E0-4C8D-9AD4-2105C731A2DA}.Debug|x64.Build.0 = Debug|Any CPU
		{F1D6A5BF-94E0-4C8D-9AD4-2105C731A2DA}.Debug|x86.ActiveCfg = Debug|Any CPU
		{F1D6A5BF-94E0-4C8D-9AD4-2105C731A2DA}.Debug|x86.Build.0 = Debug|Any CPU
		{F1D6A5BF-94E0-4C8D-9AD4-2105C731A2DA}.Release|Any CPU.ActiveCfg = Release|Any CPU
		{F1D6A5BF-94E0-4C8D-9AD4-2105C731A2DA}.Release|Any CPU.Build.0 = Release|Any CPU
		{F1D6A5BF-94E0-4C8D-9AD4-2105C731A2DA}.Release|ARM.ActiveCfg = Release|Any CPU
		{F1D6A5BF-94E0-4C8D-9AD4-2105C731A2DA}.Release|ARM.Build.0 = Release|Any CPU
		{F1D6A5BF-94E0-4C8D-9AD4-2105C731A2DA}.Release|x64.ActiveCfg = Release|Any CPU
		{F1D6A5BF-94E0-4C8D-9AD4-2105C731A2DA}.Release|x64.Build.0 = Release|Any CPU
		{F1D6A5BF-94E0-4C8D-9AD4-2105C731A2DA}.Release|x86.ActiveCfg = Release|Any CPU
		{F1D6A5BF-94E0-4C8D-9AD4-2105C731A2DA}.Release|x86.Build.0 = Release|Any CPU
		{25ED3F05-D3B3-48B4-A0F8-CAD9E9FF843D}.Debug|Any CPU.ActiveCfg = Debug|x86
		{25ED3F05-D3B3-48B4-A0F8-CAD9E9FF843D}.Debug|ARM.ActiveCfg = Debug|ARM
		{25ED3F05-D3B3-48B4-A0F8-CAD9E9FF843D}.Debug|ARM.Build.0 = Debug|ARM
		{25ED3F05-D3B3-48B4-A0F8-CAD9E9FF843D}.Debug|ARM.Deploy.0 = Debug|ARM
		{25ED3F05-D3B3-48B4-A0F8-CAD9E9FF843D}.Debug|x64.ActiveCfg = Debug|x64
		{25ED3F05-D3B3-48B4-A0F8-CAD9E9FF843D}.Debug|x64.Build.0 = Debug|x64
		{25ED3F05-D3B3-48B4-A0F8-CAD9E9FF843D}.Debug|x64.Deploy.0 = Debug|x64
		{25ED3F05-D3B3-48B4-A0F8-CAD9E9FF843D}.Debug|x86.ActiveCfg = Debug|x86
		{25ED3F05-D3B3-48B4-A0F8-CAD9E9FF843D}.Debug|x86.Build.0 = Debug|x86
		{25ED3F05-D3B3-48B4-A0F8-CAD9E9FF843D}.Debug|x86.Deploy.0 = Debug|x86
		{25ED3F05-D3B3-48B4-A0F8-CAD9E9FF843D}.Release|Any CPU.ActiveCfg = Release|x86
		{25ED3F05-D3B3-48B4-A0F8-CAD9E9FF843D}.Release|ARM.ActiveCfg = Release|ARM
		{25ED3F05-D3B3-48B4-A0F8-CAD9E9FF843D}.Release|ARM.Build.0 = Release|ARM
		{25ED3F05-D3B3-48B4-A0F8-CAD9E9FF843D}.Release|ARM.Deploy.0 = Release|ARM
		{25ED3F05-D3B3-48B4-A0F8-CAD9E9FF843D}.Release|x64.ActiveCfg = Release|x64
		{25ED3F05-D3B3-48B4-A0F8-CAD9E9FF843D}.Release|x64.Build.0 = Release|x64
		{25ED3F05-D3B3-48B4-A0F8-CAD9E9FF843D}.Release|x64.Deploy.0 = Release|x64
		{25ED3F05-D3B3-48B4-A0F8-CAD9E9FF843D}.Release|x86.ActiveCfg = Release|x86
		{25ED3F05-D3B3-48B4-A0F8-CAD9E9FF843D}.Release|x86.Build.0 = Release|x86
		{25ED3F05-D3B3-48B4-A0F8-CAD9E9FF843D}.Release|x86.Deploy.0 = Release|x86
		{E1850462-A2F9-4EB7-B72E-2579944EA07B}.Debug|Any CPU.ActiveCfg = Debug|Any CPU
		{E1850462-A2F9-4EB7-B72E-2579944EA07B}.Debug|Any CPU.Build.0 = Debug|Any CPU
		{E1850462-A2F9-4EB7-B72E-2579944EA07B}.Debug|ARM.ActiveCfg = Debug|Any CPU
		{E1850462-A2F9-4EB7-B72E-2579944EA07B}.Debug|ARM.Build.0 = Debug|Any CPU
		{E1850462-A2F9-4EB7-B72E-2579944EA07B}.Debug|x64.ActiveCfg = Debug|Any CPU
		{E1850462-A2F9-4EB7-B72E-2579944EA07B}.Debug|x64.Build.0 = Debug|Any CPU
		{E1850462-A2F9-4EB7-B72E-2579944EA07B}.Debug|x86.ActiveCfg = Debug|Any CPU
		{E1850462-A2F9-4EB7-B72E-2579944EA07B}.Debug|x86.Build.0 = Debug|Any CPU
		{E1850462-A2F9-4EB7-B72E-2579944EA07B}.Release|Any CPU.ActiveCfg = Release|Any CPU
		{E1850462-A2F9-4EB7-B72E-2579944EA07B}.Release|Any CPU.Build.0 = Release|Any CPU
		{E1850462-A2F9-4EB7-B72E-2579944EA07B}.Release|ARM.ActiveCfg = Release|Any CPU
		{E1850462-A2F9-4EB7-B72E-2579944EA07B}.Release|ARM.Build.0 = Release|Any CPU
		{E1850462-A2F9-4EB7-B72E-2579944EA07B}.Release|x64.ActiveCfg = Release|Any CPU
		{E1850462-A2F9-4EB7-B72E-2579944EA07B}.Release|x64.Build.0 = Release|Any CPU
		{E1850462-A2F9-4EB7-B72E-2579944EA07B}.Release|x86.ActiveCfg = Release|Any CPU
		{E1850462-A2F9-4EB7-B72E-2579944EA07B}.Release|x86.Build.0 = Release|Any CPU
		{CB52CA4F-97CA-4A19-B004-5C0C861F7573}.Debug|Any CPU.ActiveCfg = Debug|Any CPU
		{CB52CA4F-97CA-4A19-B004-5C0C861F7573}.Debug|Any CPU.Build.0 = Debug|Any CPU
		{CB52CA4F-97CA-4A19-B004-5C0C861F7573}.Debug|ARM.ActiveCfg = Debug|ARM
		{CB52CA4F-97CA-4A19-B004-5C0C861F7573}.Debug|ARM.Build.0 = Debug|ARM
		{CB52CA4F-97CA-4A19-B004-5C0C861F7573}.Debug|x64.ActiveCfg = Debug|x64
		{CB52CA4F-97CA-4A19-B004-5C0C861F7573}.Debug|x64.Build.0 = Debug|x64
		{CB52CA4F-97CA-4A19-B004-5C0C861F7573}.Debug|x86.ActiveCfg = Debug|x86
		{CB52CA4F-97CA-4A19-B004-5C0C861F7573}.Debug|x86.Build.0 = Debug|x86
		{CB52CA4F-97CA-4A19-B004-5C0C861F7573}.Release|Any CPU.ActiveCfg = Release|Any CPU
		{CB52CA4F-97CA-4A19-B004-5C0C861F7573}.Release|Any CPU.Build.0 = Release|Any CPU
		{CB52CA4F-97CA-4A19-B004-5C0C861F7573}.Release|ARM.ActiveCfg = Release|ARM
		{CB52CA4F-97CA-4A19-B004-5C0C861F7573}.Release|ARM.Build.0 = Release|ARM
		{CB52CA4F-97CA-4A19-B004-5C0C861F7573}.Release|x64.ActiveCfg = Release|x64
		{CB52CA4F-97CA-4A19-B004-5C0C861F7573}.Release|x64.Build.0 = Release|x64
		{CB52CA4F-97CA-4A19-B004-5C0C861F7573}.Release|x86.ActiveCfg = Release|x86
		{CB52CA4F-97CA-4A19-B004-5C0C861F7573}.Release|x86.Build.0 = Release|x86
		{823FEFB9-1714-4799-B054-2D8F0428FD39}.Debug|Any CPU.ActiveCfg = Debug|Any CPU
		{823FEFB9-1714-4799-B054-2D8F0428FD39}.Debug|Any CPU.Build.0 = Debug|Any CPU
		{823FEFB9-1714-4799-B054-2D8F0428FD39}.Debug|ARM.ActiveCfg = Debug|Any CPU
		{823FEFB9-1714-4799-B054-2D8F0428FD39}.Debug|ARM.Build.0 = Debug|Any CPU
		{823FEFB9-1714-4799-B054-2D8F0428FD39}.Debug|x64.ActiveCfg = Debug|Any CPU
		{823FEFB9-1714-4799-B054-2D8F0428FD39}.Debug|x64.Build.0 = Debug|Any CPU
		{823FEFB9-1714-4799-B054-2D8F0428FD39}.Debug|x86.ActiveCfg = Debug|Any CPU
		{823FEFB9-1714-4799-B054-2D8F0428FD39}.Debug|x86.Build.0 = Debug|Any CPU
		{823FEFB9-1714-4799-B054-2D8F0428FD39}.Release|Any CPU.ActiveCfg = Release|Any CPU
		{823FEFB9-1714-4799-B054-2D8F0428FD39}.Release|Any CPU.Build.0 = Release|Any CPU
		{823FEFB9-1714-4799-B054-2D8F0428FD39}.Release|ARM.ActiveCfg = Release|Any CPU
		{823FEFB9-1714-4799-B054-2D8F0428FD39}.Release|ARM.Build.0 = Release|Any CPU
		{823FEFB9-1714-4799-B054-2D8F0428FD39}.Release|x64.ActiveCfg = Release|Any CPU
		{823FEFB9-1714-4799-B054-2D8F0428FD39}.Release|x64.Build.0 = Release|Any CPU
		{823FEFB9-1714-4799-B054-2D8F0428FD39}.Release|x86.ActiveCfg = Release|Any CPU
		{823FEFB9-1714-4799-B054-2D8F0428FD39}.Release|x86.Build.0 = Release|Any CPU
		{62C8D390-0689-4478-AB2E-A3A0BC38F5C8}.Debug|Any CPU.ActiveCfg = Debug|Any CPU
		{62C8D390-0689-4478-AB2E-A3A0BC38F5C8}.Debug|Any CPU.Build.0 = Debug|Any CPU
		{62C8D390-0689-4478-AB2E-A3A0BC38F5C8}.Debug|ARM.ActiveCfg = Debug|Any CPU
		{62C8D390-0689-4478-AB2E-A3A0BC38F5C8}.Debug|ARM.Build.0 = Debug|Any CPU
		{62C8D390-0689-4478-AB2E-A3A0BC38F5C8}.Debug|x64.ActiveCfg = Debug|Any CPU
		{62C8D390-0689-4478-AB2E-A3A0BC38F5C8}.Debug|x64.Build.0 = Debug|Any CPU
		{62C8D390-0689-4478-AB2E-A3A0BC38F5C8}.Debug|x86.ActiveCfg = Debug|Any CPU
		{62C8D390-0689-4478-AB2E-A3A0BC38F5C8}.Debug|x86.Build.0 = Debug|Any CPU
		{62C8D390-0689-4478-AB2E-A3A0BC38F5C8}.Release|Any CPU.ActiveCfg = Release|Any CPU
		{62C8D390-0689-4478-AB2E-A3A0BC38F5C8}.Release|Any CPU.Build.0 = Release|Any CPU
		{62C8D390-0689-4478-AB2E-A3A0BC38F5C8}.Release|ARM.ActiveCfg = Release|Any CPU
		{62C8D390-0689-4478-AB2E-A3A0BC38F5C8}.Release|ARM.Build.0 = Release|Any CPU
		{62C8D390-0689-4478-AB2E-A3A0BC38F5C8}.Release|x64.ActiveCfg = Release|Any CPU
		{62C8D390-0689-4478-AB2E-A3A0BC38F5C8}.Release|x64.Build.0 = Release|Any CPU
		{62C8D390-0689-4478-AB2E-A3A0BC38F5C8}.Release|x86.ActiveCfg = Release|Any CPU
		{62C8D390-0689-4478-AB2E-A3A0BC38F5C8}.Release|x86.Build.0 = Release|Any CPU
		{3378FF17-815D-4940-8059-1A1006B767AD}.Debug|Any CPU.ActiveCfg = Debug|Any CPU
		{3378FF17-815D-4940-8059-1A1006B767AD}.Debug|Any CPU.Build.0 = Debug|Any CPU
		{3378FF17-815D-4940-8059-1A1006B767AD}.Debug|ARM.ActiveCfg = Debug|Any CPU
		{3378FF17-815D-4940-8059-1A1006B767AD}.Debug|ARM.Build.0 = Debug|Any CPU
		{3378FF17-815D-4940-8059-1A1006B767AD}.Debug|x64.ActiveCfg = Debug|Any CPU
		{3378FF17-815D-4940-8059-1A1006B767AD}.Debug|x64.Build.0 = Debug|Any CPU
		{3378FF17-815D-4940-8059-1A1006B767AD}.Debug|x86.ActiveCfg = Debug|Any CPU
		{3378FF17-815D-4940-8059-1A1006B767AD}.Debug|x86.Build.0 = Debug|Any CPU
		{3378FF17-815D-4940-8059-1A1006B767AD}.Release|Any CPU.ActiveCfg = Release|Any CPU
		{3378FF17-815D-4940-8059-1A1006B767AD}.Release|Any CPU.Build.0 = Release|Any CPU
		{3378FF17-815D-4940-8059-1A1006B767AD}.Release|ARM.ActiveCfg = Release|Any CPU
		{3378FF17-815D-4940-8059-1A1006B767AD}.Release|ARM.Build.0 = Release|Any CPU
		{3378FF17-815D-4940-8059-1A1006B767AD}.Release|x64.ActiveCfg = Release|Any CPU
		{3378FF17-815D-4940-8059-1A1006B767AD}.Release|x64.Build.0 = Release|Any CPU
		{3378FF17-815D-4940-8059-1A1006B767AD}.Release|x86.ActiveCfg = Release|Any CPU
		{3378FF17-815D-4940-8059-1A1006B767AD}.Release|x86.Build.0 = Release|Any CPU
		{FE2248A3-55D2-488C-B408-A15F64491C64}.Debug|Any CPU.ActiveCfg = Debug|Any CPU
		{FE2248A3-55D2-488C-B408-A15F64491C64}.Debug|Any CPU.Build.0 = Debug|Any CPU
		{FE2248A3-55D2-488C-B408-A15F64491C64}.Debug|ARM.ActiveCfg = Debug|Any CPU
		{FE2248A3-55D2-488C-B408-A15F64491C64}.Debug|ARM.Build.0 = Debug|Any CPU
		{FE2248A3-55D2-488C-B408-A15F64491C64}.Debug|x64.ActiveCfg = Debug|Any CPU
		{FE2248A3-55D2-488C-B408-A15F64491C64}.Debug|x64.Build.0 = Debug|Any CPU
		{FE2248A3-55D2-488C-B408-A15F64491C64}.Debug|x86.ActiveCfg = Debug|Any CPU
		{FE2248A3-55D2-488C-B408-A15F64491C64}.Debug|x86.Build.0 = Debug|Any CPU
		{FE2248A3-55D2-488C-B408-A15F64491C64}.Release|Any CPU.ActiveCfg = Release|Any CPU
		{FE2248A3-55D2-488C-B408-A15F64491C64}.Release|Any CPU.Build.0 = Release|Any CPU
		{FE2248A3-55D2-488C-B408-A15F64491C64}.Release|ARM.ActiveCfg = Release|Any CPU
		{FE2248A3-55D2-488C-B408-A15F64491C64}.Release|ARM.Build.0 = Release|Any CPU
		{FE2248A3-55D2-488C-B408-A15F64491C64}.Release|x64.ActiveCfg = Release|Any CPU
		{FE2248A3-55D2-488C-B408-A15F64491C64}.Release|x64.Build.0 = Release|Any CPU
		{FE2248A3-55D2-488C-B408-A15F64491C64}.Release|x86.ActiveCfg = Release|Any CPU
		{FE2248A3-55D2-488C-B408-A15F64491C64}.Release|x86.Build.0 = Release|Any CPU
		{3AF506B2-B0C1-421A-AD6F-C49E216D6DC6}.Debug|Any CPU.ActiveCfg = Debug|x86
		{3AF506B2-B0C1-421A-AD6F-C49E216D6DC6}.Debug|ARM.ActiveCfg = Debug|ARM
		{3AF506B2-B0C1-421A-AD6F-C49E216D6DC6}.Debug|ARM.Build.0 = Debug|ARM
		{3AF506B2-B0C1-421A-AD6F-C49E216D6DC6}.Debug|ARM.Deploy.0 = Debug|ARM
		{3AF506B2-B0C1-421A-AD6F-C49E216D6DC6}.Debug|x64.ActiveCfg = Debug|x64
		{3AF506B2-B0C1-421A-AD6F-C49E216D6DC6}.Debug|x64.Build.0 = Debug|x64
		{3AF506B2-B0C1-421A-AD6F-C49E216D6DC6}.Debug|x64.Deploy.0 = Debug|x64
		{3AF506B2-B0C1-421A-AD6F-C49E216D6DC6}.Debug|x86.ActiveCfg = Debug|x86
		{3AF506B2-B0C1-421A-AD6F-C49E216D6DC6}.Debug|x86.Build.0 = Debug|x86
		{3AF506B2-B0C1-421A-AD6F-C49E216D6DC6}.Debug|x86.Deploy.0 = Debug|x86
		{3AF506B2-B0C1-421A-AD6F-C49E216D6DC6}.Release|Any CPU.ActiveCfg = Release|x86
		{3AF506B2-B0C1-421A-AD6F-C49E216D6DC6}.Release|ARM.ActiveCfg = Release|ARM
		{3AF506B2-B0C1-421A-AD6F-C49E216D6DC6}.Release|ARM.Build.0 = Release|ARM
		{3AF506B2-B0C1-421A-AD6F-C49E216D6DC6}.Release|ARM.Deploy.0 = Release|ARM
		{3AF506B2-B0C1-421A-AD6F-C49E216D6DC6}.Release|x64.ActiveCfg = Release|x64
		{3AF506B2-B0C1-421A-AD6F-C49E216D6DC6}.Release|x64.Build.0 = Release|x64
		{3AF506B2-B0C1-421A-AD6F-C49E216D6DC6}.Release|x64.Deploy.0 = Release|x64
		{3AF506B2-B0C1-421A-AD6F-C49E216D6DC6}.Release|x86.ActiveCfg = Release|x86
		{3AF506B2-B0C1-421A-AD6F-C49E216D6DC6}.Release|x86.Build.0 = Release|x86
		{3AF506B2-B0C1-421A-AD6F-C49E216D6DC6}.Release|x86.Deploy.0 = Release|x86
	EndGlobalSection
	GlobalSection(SolutionProperties) = preSolution
		HideSolutionNode = FALSE
	EndGlobalSection
EndGlobal
